
Microsoft Visual Studio Solution File, Format Version 12.00
# Visual Studio Version 17
VisualStudioVersion = 17.7.34031.279
MinimumVisualStudioVersion = 10.0.40219.1
Project("{FAE04EC0-301F-11D3-BF4B-00C04F79EFBC}") = "L15GUI", "L15GUI\L15GUI.csproj", "{F94D6A0E-A42A-4238-882C-7F09D10C5571}"
EndProject
Global
	GlobalSection(SolutionConfigurationPlatforms) = preSolution
		Debug|Any CPU = Debug|Any CPU
		Release|Any CPU = Release|Any CPU
	EndGlobalSection
	GlobalSection(ProjectConfigurationPlatforms) = postSolution
		{F94D6A0E-A42A-4238-882C-7F09D10C5571}.Debug|Any CPU.ActiveCfg = Debug|Any CPU
		{F94D6A0E-A42A-4238-882C-7F09D10C5571}.Debug|Any CPU.Build.0 = Debug|Any CPU
		{F94D6A0E-A42A-4238-882C-7F09D10C5571}.Release|Any CPU.ActiveCfg = Release|Any CPU
		{F94D6A0E-A42A-4238-882C-7F09D10C5571}.Release|Any CPU.Build.0 = Release|Any CPU
	EndGlobalSection
	GlobalSection(SolutionProperties) = preSolution
		HideSolutionNode = FALSE
	EndGlobalSection
	GlobalSection(ExtensibilityGlobals) = postSolution
		SolutionGuid = {50D9CEAE-0A40-46DC-9C98-0C03F37D9E46}
	EndGlobalSection
EndGlobal
